{
    "_readme": [
        "This file locks the dependencies of your project to a known state",
        "Read more about it at https://getcomposer.org/doc/01-basic-usage.md#installing-dependencies",
        "This file is @generated automatically"
    ],
    "content-hash": "2e8bbaf52cb22249a9da9a0979568cbf",
    "packages": [
        {
            "name": "jetbrains/phpstorm-stubs",
            "version": "v2019.3",
            "source": {
                "type": "git",
                "url": "https://github.com/JetBrains/phpstorm-stubs.git",
                "reference": "883b6facd78e01c0743b554af86fa590c2573f40"
            },
            "dist": {
                "type": "zip",
                "url": "https://api.github.com/repos/JetBrains/phpstorm-stubs/zipball/883b6facd78e01c0743b554af86fa590c2573f40",
                "reference": "883b6facd78e01c0743b554af86fa590c2573f40",
                "shasum": ""
            },
            "require-dev": {
                "nikic/php-parser": "^4",
                "php": "^7.1",
                "phpdocumentor/reflection-docblock": "^4.3",
                "phpunit/phpunit": "^7"
            },
            "type": "library",
            "autoload": {
                "files": [
                    "PhpStormStubsMap.php"
                ]
            },
            "notification-url": "https://packagist.org/downloads/",
            "license": [
                "Apache-2.0"
            ],
            "description": "PHP runtime & extensions header files for PhpStorm",
            "homepage": "https://www.jetbrains.com/phpstorm",
            "keywords": [
                "autocomplete",
                "code",
                "inference",
                "inspection",
                "jetbrains",
                "phpstorm",
                "stubs",
                "type"
            ],
            "time": "2019-12-05T16:56:26+00:00"
        },
        {
            "name": "nikic/php-parser",
            "version": "dev-master",
            "source": {
                "type": "git",
                "url": "https://github.com/nikic/PHP-Parser.git",
                "reference": "d86ca0f745b47efcf8d7cc1cfc69c55e78fd0b90"
            },
            "dist": {
                "type": "zip",
                "url": "https://api.github.com/repos/nikic/PHP-Parser/zipball/d86ca0f745b47efcf8d7cc1cfc69c55e78fd0b90",
                "reference": "d86ca0f745b47efcf8d7cc1cfc69c55e78fd0b90",
                "shasum": ""
            },
            "require": {
                "ext-tokenizer": "*",
                "php": ">=7.0"
            },
            "require-dev": {
                "ircmaxell/php-yacc": "0.0.5",
                "phpunit/phpunit": "^6.5 || ^7.0 || ^8.0"
            },
            "bin": [
                "bin/php-parse"
            ],
            "type": "library",
            "extra": {
                "branch-alias": {
                    "dev-master": "4.3-dev"
                }
            },
            "autoload": {
                "psr-4": {
                    "PhpParser\\": "lib/PhpParser"
                }
            },
            "notification-url": "https://packagist.org/downloads/",
            "license": [
                "BSD-3-Clause"
            ],
            "authors": [
                {
                    "name": "Nikita Popov"
                }
            ],
            "description": "A PHP parser written in PHP",
            "keywords": [
                "parser",
                "php"
            ],
            "time": "2020-02-22T20:09:03+00:00"
        },
        {
            "name": "phpdocumentor/reflection-common",
            "version": "dev-master",
            "source": {
                "type": "git",
                "url": "https://github.com/phpDocumentor/ReflectionCommon.git",
                "reference": "b0843c8cbcc2dc5eda5158e583c7199a5e44c86d"
            },
            "dist": {
                "type": "zip",
                "url": "https://api.github.com/repos/phpDocumentor/ReflectionCommon/zipball/b0843c8cbcc2dc5eda5158e583c7199a5e44c86d",
                "reference": "b0843c8cbcc2dc5eda5158e583c7199a5e44c86d",
                "shasum": ""
            },
            "require": {
                "php": ">=7.1"
            },
            "require-dev": {
                "phpunit/phpunit": "~6"
            },
            "type": "library",
            "extra": {
                "branch-alias": {
                    "dev-master": "2.x-dev"
                }
            },
            "autoload": {
                "psr-4": {
                    "phpDocumentor\\Reflection\\": "src/"
                }
            },
            "notification-url": "https://packagist.org/downloads/",
            "license": [
                "MIT"
            ],
            "authors": [
                {
                    "name": "Jaap van Otterdijk",
                    "email": "opensource@ijaap.nl"
                }
            ],
            "description": "Common reflection classes used by phpdocumentor to reflect the code structure",
            "homepage": "http://www.phpdoc.org",
            "keywords": [
                "FQSEN",
                "phpDocumentor",
                "phpdoc",
                "reflection",
                "static analysis"
            ],
            "time": "2019-12-20T12:45:35+00:00"
        },
        {
            "name": "phpdocumentor/reflection-docblock",
            "version": "dev-master",
            "source": {
                "type": "git",
                "url": "https://github.com/phpDocumentor/ReflectionDocBlock.git",
                "reference": "cd72d394ca794d3466a3b2fc09d5a6c1dc86b47e"
            },
            "dist": {
                "type": "zip",
                "url": "https://api.github.com/repos/phpDocumentor/ReflectionDocBlock/zipball/cd72d394ca794d3466a3b2fc09d5a6c1dc86b47e",
                "reference": "cd72d394ca794d3466a3b2fc09d5a6c1dc86b47e",
                "shasum": ""
            },
            "require": {
                "ext-filter": "^7.1",
                "php": "^7.2",
                "phpdocumentor/reflection-common": "^2.0",
                "phpdocumentor/type-resolver": "^1.0",
                "webmozart/assert": "^1"
            },
            "require-dev": {
                "doctrine/instantiator": "^1",
                "mockery/mockery": "^1"
            },
            "type": "library",
            "extra": {
                "branch-alias": {
                    "dev-master": "5.x-dev"
                }
            },
            "autoload": {
                "psr-4": {
                    "phpDocumentor\\Reflection\\": "src"
                }
            },
            "notification-url": "https://packagist.org/downloads/",
            "license": [
                "MIT"
            ],
            "authors": [
                {
                    "name": "Mike van Riel",
                    "email": "me@mikevanriel.com"
                },
                {
                    "name": "Jaap van Otterdijk",
                    "email": "account@ijaap.nl"
                }
            ],
            "description": "With this component, a library can provide support for annotations via DocBlocks or otherwise retrieve information that is embedded in a DocBlock.",
            "time": "2020-02-22T12:28:44+00:00"
        },
        {
            "name": "phpdocumentor/type-resolver",
            "version": "dev-master",
            "source": {
                "type": "git",
                "url": "https://github.com/phpDocumentor/TypeResolver.git",
                "reference": "7462d5f123dfc080dfdf26897032a6513644fc95"
            },
            "dist": {
                "type": "zip",
                "url": "https://api.github.com/repos/phpDocumentor/TypeResolver/zipball/7462d5f123dfc080dfdf26897032a6513644fc95",
                "reference": "7462d5f123dfc080dfdf26897032a6513644fc95",
                "shasum": ""
            },
            "require": {
                "php": "^7.2",
                "phpdocumentor/reflection-common": "^2.0"
            },
            "require-dev": {
                "ext-tokenizer": "^7.2",
                "mockery/mockery": "~1"
            },
            "type": "library",
            "extra": {
                "branch-alias": {
                    "dev-master": "1.x-dev"
                }
            },
            "autoload": {
                "psr-4": {
                    "phpDocumentor\\Reflection\\": "src"
                }
            },
            "notification-url": "https://packagist.org/downloads/",
            "license": [
                "MIT"
            ],
            "authors": [
                {
                    "name": "Mike van Riel",
                    "email": "me@mikevanriel.com"
                }
            ],
            "description": "A PSR-5 based resolver of Class names, Types and Structural Element Names",
            "time": "2020-02-18T18:59:58+00:00"
        },
        {
            "name": "roave/better-reflection",
            "version": "dev-external-stubs-directory",
            "source": {
                "type": "git",
                "url": "https://github.com/michaeljoelphillips/better-reflection.git",
                "reference": "b923595c1dda91d4da6c967a7a15e122e9ef4bb4"
            },
            "require": {
                "ext-json": "*",
                "jetbrains/phpstorm-stubs": "2019.3",
                "nikic/php-parser": "^4.3.0",
                "php": ">=7.2.0,<7.5.0",
                "phpdocumentor/reflection-docblock": "^5.0.0",
                "phpdocumentor/type-resolver": "^1.0.0",
                "roave/signature": "^1.0"
            },
            "conflict": {
                "slevomat/coding-standard": "<6.0.7"
            },
            "require-dev": {
                "doctrine/coding-standard": "^7.0.2",
                "phpstan/phpstan": "^0.12.8",
                "phpunit/phpunit": "^8.5.2",
                "vimeo/psalm": "^3.8.3"
            },
            "suggest": {
                "composer/composer": "Required to use the ComposerSourceLocator"
            },
            "type": "library",
            "extra": {
                "branch-alias": {
                    "dev-master": "4.0-dev"
                }
            },
            "autoload": {
                "psr-4": {
                    "Roave\\BetterReflection\\": "src"
                }
            },
            "autoload-dev": {
                "psr-4": {
                    "Roave\\BetterReflectionTest\\": "test/unit",
                    "Roave\\BetterReflectionBenchmark\\": "test/benchmark"
                }
            },
            "license": [
                "MIT"
            ],
            "authors": [
                {
                    "name": "James Titcumb",
                    "email": "james@asgrim.com",
                    "homepage": "https://github.com/asgrim"
                },
                {
                    "name": "Marco Pivetta",
                    "email": "ocramius@gmail.com",
                    "homepage": "https://ocramius.github.io/"
                },
                {
                    "name": "Gary Hockin",
                    "email": "gary@roave.com",
                    "homepage": "https://github.com/geeh"
                },
                {
                    "name": "Jaroslav Hanslík",
                    "email": "kukulich@kukulich.cz",
                    "homepage": "https://github.com/kukulich"
                }
            ],
            "description": "Better Reflection - an improved code reflection API",
            "time": "2020-02-18T03:14:26+00:00"
        },
        {
            "name": "roave/signature",
            "version": "1.0.0",
            "source": {
                "type": "git",
                "url": "https://github.com/Roave/Signature.git",
                "reference": "bed4ecbdd7f312ab6bb39561ac191f520bcee386"
            },
            "dist": {
                "type": "zip",
                "url": "https://api.github.com/repos/Roave/Signature/zipball/bed4ecbdd7f312ab6bb39561ac191f520bcee386",
                "reference": "bed4ecbdd7f312ab6bb39561ac191f520bcee386",
                "shasum": ""
            },
            "require": {
                "php": "^7.0|^7.1"
            },
            "require-dev": {
                "phpunit/phpunit": "^5.6"
            },
            "type": "library",
            "autoload": {
                "psr-4": {
                    "Roave\\Signature\\": "src"
                }
            },
            "notification-url": "https://packagist.org/downloads/",
            "license": [
                "MIT"
            ],
            "description": "Sign and verify stuff",
            "time": "2017-02-17T13:53:21+00:00"
        },
        {
            "name": "symfony/polyfill-ctype",
            "version": "dev-master",
            "source": {
                "type": "git",
                "url": "https://github.com/symfony/polyfill-ctype.git",
                "reference": "fbdeaec0df06cf3d51c93de80c7eb76e271f5a38"
            },
            "dist": {
                "type": "zip",
                "url": "https://api.github.com/repos/symfony/polyfill-ctype/zipball/fbdeaec0df06cf3d51c93de80c7eb76e271f5a38",
                "reference": "fbdeaec0df06cf3d51c93de80c7eb76e271f5a38",
                "shasum": ""
            },
            "require": {
                "php": ">=5.3.3"
            },
            "suggest": {
                "ext-ctype": "For best performance"
            },
            "type": "library",
            "extra": {
                "branch-alias": {
                    "dev-master": "1.14-dev"
                }
            },
            "autoload": {
                "psr-4": {
                    "Symfony\\Polyfill\\Ctype\\": ""
                },
                "files": [
                    "bootstrap.php"
                ]
            },
            "notification-url": "https://packagist.org/downloads/",
            "license": [
                "MIT"
            ],
            "authors": [
                {
                    "name": "Gert de Pagter",
                    "email": "BackEndTea@gmail.com"
                },
                {
                    "name": "Symfony Community",
                    "homepage": "https://symfony.com/contributors"
                }
            ],
            "description": "Symfony polyfill for ctype functions",
            "homepage": "https://symfony.com",
            "keywords": [
                "compatibility",
                "ctype",
                "polyfill",
                "portable"
            ],
            "time": "2020-01-13T11:15:53+00:00"
        },
        {
            "name": "webmozart/assert",
            "version": "1.7.0",
            "source": {
                "type": "git",
                "url": "https://github.com/webmozart/assert.git",
                "reference": "aed98a490f9a8f78468232db345ab9cf606cf598"
            },
            "dist": {
                "type": "zip",
                "url": "https://api.github.com/repos/webmozart/assert/zipball/aed98a490f9a8f78468232db345ab9cf606cf598",
                "reference": "aed98a490f9a8f78468232db345ab9cf606cf598",
                "shasum": ""
            },
            "require": {
                "php": "^5.3.3 || ^7.0",
                "symfony/polyfill-ctype": "^1.8"
            },
            "conflict": {
                "vimeo/psalm": "<3.6.0"
            },
            "require-dev": {
                "phpunit/phpunit": "^4.8.36 || ^7.5.13"
            },
            "type": "library",
            "autoload": {
                "psr-4": {
                    "Webmozart\\Assert\\": "src/"
                }
            },
            "notification-url": "https://packagist.org/downloads/",
            "license": [
                "MIT"
            ],
            "authors": [
                {
                    "name": "Bernhard Schussek",
                    "email": "bschussek@gmail.com"
                }
            ],
            "description": "Assertions to validate method input/output with nice error messages.",
            "keywords": [
                "assert",
                "check",
                "validate"
            ],
            "time": "2020-02-14T12:15:55+00:00"
        }
    ],
    "packages-dev": [],
    "aliases": [],
    "minimum-stability": "dev",
    "stability-flags": {
        "roave/better-reflection": 20
    },
    "prefer-stable": false,
    "prefer-lowest": false,
    "platform": [],
    "platform-dev": []
}
